
Microsoft Visual Studio Solution File, Format Version 12.00
# Visual Studio Version 17
VisualStudioVersion = 17.3.32922.545
MinimumVisualStudioVersion = 10.0.40219.1
Project("{9A19103F-16F7-4668-BE54-9A1E7A4F7556}") = "Investment Portfolio", "Investment Portfolio\Investment Portfolio.csproj", "{488947AA-E612-4259-AE13-47C37D8578DF}"
EndProject
Global
	GlobalSection(SolutionConfigurationPlatforms) = preSolution
		Debug|Any CPU = Debug|Any CPU
		Release|Any CPU = Release|Any CPU
	EndGlobalSection
	GlobalSection(ProjectConfigurationPlatforms) = postSolution
		{488947AA-E612-4259-AE13-47C37D8578DF}.Debug|Any CPU.ActiveCfg = Debug|Any CPU
		{488947AA-E612-4259-AE13-47C37D8578DF}.Debug|Any CPU.Build.0 = Debug|Any CPU
		{488947AA-E612-4259-AE13-47C37D8578DF}.Release|Any CPU.ActiveCfg = Release|Any CPU
		{488947AA-E612-4259-AE13-47C37D8578DF}.Release|Any CPU.Build.0 = Release|Any CPU
	EndGlobalSection
	GlobalSection(SolutionProperties) = preSolution
		HideSolutionNode = FALSE
	EndGlobalSection
	GlobalSection(ExtensibilityGlobals) = postSolution
		SolutionGuid = {2EAF920A-3902-4159-8DF8-ED42832D1618}
	EndGlobalSection
EndGlobal
